// !$*UTF8*$!
{
	archiveVersion = 1;
	classes = {
	};
	objectVersion = 46;
	objects = {

/* Begin PBXBuildFile section */
		6FBE9E2D1F375DF70089905A /* AppDelegate.swift in Sources */ = {isa = PBXBuildFile; fileRef = 6FBE9E2C1F375DF70089905A /* AppDelegate.swift */; };
		6FBE9E2F1F375DF70089905A /* ViewController.swift in Sources */ = {isa = PBXBuildFile; fileRef = 6FBE9E2E1F375DF70089905A /* ViewController.swift */; };
		6FBE9E321F375DF70089905A /* Main.storyboard in Resources */ = {isa = PBXBuildFile; fileRef = 6FBE9E301F375DF70089905A /* Main.storyboard */; };
		6FBE9E341F375DF70089905A /* Assets.xcassets in Resources */ = {isa = PBXBuildFile; fileRef = 6FBE9E331F375DF70089905A /* Assets.xcassets */; };
		6FBE9E371F375DF70089905A /* LaunchScreen.storyboard in Resources */ = {isa = PBXBuildFile; fileRef = 6FBE9E351F375DF70089905A /* LaunchScreen.storyboard */; };
		6FBE9E401F375E4C0089905A /* CustomView.swift in Sources */ = {isa = PBXBuildFile; fileRef = 6FBE9E3E1F375E4C0089905A /* CustomView.swift */; };
		6FBE9E411F375E4C0089905A /* QCMethod.swift in Sources */ = {isa = PBXBuildFile; fileRef = 6FBE9E3F1F375E4C0089905A /* QCMethod.swift */; };
/* End PBXBuildFile section */

/* Begin PBXFileReference section */
		6FBE9E291F375DF70089905A /* QuartzCodeAnimationDemo.app */ = {isa = PBXFileReference; explicitFileType = wrapper.application; includeInIndex = 0; path = QuartzCodeAnimationDemo.app; sourceTree = BUILT_PRODUCTS_DIR; };
		6FBE9E2C1F375DF70089905A /* AppDelegate.swift */ = {isa = PBXFileReference; lastKnownFileType = sourcecode.swift; path = AppDelegate.swift; sourceTree = "<group>"; };
		6FBE9E2E1F375DF70089905A /* ViewController.swift */ = {isa = PBXFileReference; lastKnownFileType = sourcecode.swift; path = ViewController.swift; sourceTree = "<group>"; };
		6FBE9E311F375DF70089905A /* Base */ = {isa = PBXFileReference; lastKnownFileType = file.storyboard; name = Base; path = Base.lproj/Main.storyboard; sourceTree = "<group>"; };
		6FBE9E331F375DF70089905A /* Assets.xcassets */ = {isa = PBXFileReference; lastKnownFileType = folder.assetcatalog; path = Assets.xcassets; sourceTree = "<group>"; };
		6FBE9E361F375DF70089905A /* Base */ = {isa = PBXFileReference; lastKnownFileType = file.storyboard; name = Base; path = Base.lproj/LaunchScreen.storyboard; sourceTree = "<group>"; };
		6FBE9E381F375DF70089905A /* Info.plist */ = {isa = PBXFileReference; lastKnownFileType = text.plist.xml; path = Info.plist; sourceTree = "<group>"; };
		6FBE9E3E1F375E4C0089905A /* CustomView.swift */ = {isa = PBXFileReference; fileEncoding = 4; lastKnownFileType = sourcecode.swift; path = CustomView.swift; sourceTree = "<group>"; };
		6FBE9E3F1F375E4C0089905A /* QCMethod.swift */ = {isa = PBXFileReference; fileEncoding = 4; lastKnownFileType = sourcecode.swift; path = QCMethod.swift; sourceTree = "<group>"; };
/* End PBXFileReference section */

/* Begin PBXFrameworksBuildPhase section */
		6FBE9E261F375DF70089905A /* Frameworks */ = {
			isa = PBXFrameworksBuildPhase;
			buildActionMask = 2147483647;
			files = (
			);
			runOnlyForDeploymentPostprocessing = 0;
		};
/* End PBXFrameworksBuildPhase section */

/* Begin PBXGroup section */
		6FBE9E201F375DF70089905A = {
			isa = PBXGroup;
			children = (
				6FBE9E2B1F375DF70089905A /* QuartzCodeAnimationDemo */,
				6FBE9E2A1F375DF70089905A /* Products */,
			);
			sourceTree = "<group>";
		};
		6FBE9E2A1F375DF70089905A /* Products */ = {
			isa = PBXGroup;
			children = (
				6FBE9E291F375DF70089905A /* QuartzCodeAnimationDemo.app */,
			);
			name = Products;
			sourceTree = "<group>";
		};
		6FBE9E2B1F375DF70089905A /* QuartzCodeAnimationDemo */ = {
			isa = PBXGroup;
			children = (
				6FBE9E3E1F375E4C0089905A /* CustomView.swift */,
				6FBE9E3F1F375E4C0089905A /* QCMethod.swift */,
				6FBE9E2C1F375DF70089905A /* AppDelegate.swift */,
				6FBE9E2E1F375DF70089905A /* ViewController.swift */,
				6FBE9E301F375DF70089905A /* Main.storyboard */,
				6FBE9E331F375DF70089905A /* Assets.xcassets */,
				6FBE9E351F375DF70089905A /* LaunchScreen.storyboard */,
				6FBE9E381F375DF70089905A /* Info.plist */,
			);
			path = QuartzCodeAnimationDemo;
			sourceTree = "<group>";
		};
/* End PBXGroup section */

/* Begin PBXNativeTarget section */
		6FBE9E281F375DF70089905A /* QuartzCodeAnimationDemo */ = {
			isa = PBXNativeTarget;
			buildConfigurationList = 6FBE9E3B1F375DF70089905A /* Build configuration list for PBXNativeTarget "QuartzCodeAnimationDemo" */;
			buildPhases = (
				6FBE9E251F375DF70089905A /* Sources */,
				6FBE9E261F375DF70089905A /* Frameworks */,
				6FBE9E271F375DF70089905A /* Resources */,
			);
			buildRules = (
			);
			dependencies = (
			);
			name = QuartzCodeAnimationDemo;
			productName = QuartzCodeAnimationDemo;
			productReference = 6FBE9E291F375DF70089905A /* QuartzCodeAnimationDemo.app */;
			productType = "com.apple.product-type.application";
		};
/* End PBXNativeTarget section */

/* Begin PBXProject section */
		6FBE9E211F375DF70089905A /* Project object */ = {
			isa = PBXProject;
			attributes = {
				LastSwiftUpdateCheck = 0830;
				LastUpgradeCheck = 0830;
				ORGANIZATIONNAME = Young;
				TargetAttributes = {
					6FBE9E281F375DF70089905A = {
						CreatedOnToolsVersion = 8.3.3;
						DevelopmentTeam = L985R5FUUC;
						ProvisioningStyle = Automatic;
					};
				};
			};
			buildConfigurationList = 6FBE9E241F375DF70089905A /* Build configuration list for PBXProject "QuartzCodeAnimationDemo" */;
			compatibilityVersion = "Xcode 3.2";
			developmentRegion = English;
			hasScannedForEncodings = 0;
			knownRegions = (
				en,
				Base,
			);
			mainGroup = 6FBE9E201F375DF70089905A;
			productRefGroup = 6FBE9E2A1F375DF70089905A /* Products */;
			projectDirPath = "";
			projectRoot = "";
			targets = (
				6FBE9E281F375DF70089905A /* QuartzCodeAnimationDemo */,
			);
		};
/* End PBXProject section */

/* Begin PBXResourcesBuildPhase section */
		6FBE9E271F375DF70089905A /* Resources */ = {
			isa = PBXResourcesBuildPhase;
			buildActionMask = 2147483647;
			files = (
				6FBE9E371F375DF70089905A /* LaunchScreen.storyboard in Resources */,
				6FBE9E341F375DF70089905A /* Assets.xcassets in Resources */,
				6FBE9E321F375DF70089905A /* Main.storyboard in Resources */,
			);
			runOnlyForDeploymentPostprocessing = 0;
		};
/* End PBXResourcesBuildPhase section */

/* Begin PBXSourcesBuildPhase section */
		6FBE9E251F375DF70089905A /* Sources */ = {
			isa = PBXSourcesBuildPhase;
			buildActionMask = 2147483647;
			files = (
				6FBE9E401F375E4C0089905A /* CustomView.swift in Sources */,
				6FBE9E2F1F375DF70089905A /* ViewController.swift in Sources */,
				6FBE9E411F375E4C0089905A /* QCMethod.swift in Sources */,
				6FBE9E2D1F375DF70089905A /* AppDelegate.swift in Sources */,
			);
			runOnlyForDeploymentPostprocessing = 0;
		};
/* End PBXSourcesBuildPhase section */

/* Begin PBXVariantGroup section */
		6FBE9E301F375DF70089905A /* Main.storyboard */ = {
			isa = PBXVariantGroup;
			children = (
				6FBE9E311F375DF70089905A /* Base */,
			);
			name = Main.storyboard;
			sourceTree = "<group>";
		};
		6FBE9E351F375DF70089905A /* LaunchScreen.storyboard */ = {
			isa = PBXVariantGroup;
			children = (
				6FBE9E361F375DF70089905A /* Base */,
			);
			name = LaunchScreen.storyboard;
			sourceTree = "<group>";
		};
/* End PBXVariantGroup section */

/* Begin XCBuildConfiguration section */
		6FBE9E391F375DF70089905A /* Debug */ = {
			isa = XCBuildConfiguration;
			buildSettings = {
				ALWAYS_SEARCH_USER_PATHS = NO;
				CLANG_ANALYZER_NONNULL = YES;
				CLANG_ANALYZER_NUMBER_OBJECT_CONVERSION = YES_AGGRESSIVE;
				CLANG_CXX_LANGUAGE_STANDARD = "gnu++0x";
				CLANG_CXX_LIBRARY = "libc++";
				CLANG_ENABLE_MODULES = YES;
				CLANG_ENABLE_OBJC_ARC = YES;
				CLANG_WARN_BOOL_CONVERSION = YES;
				CLANG_WARN_CONSTANT_CONVERSION = YES;
				CLANG_WARN_DIRECT_OBJC_ISA_USAGE = YES_ERROR;
				CLANG_WARN_DOCUMENTATION_COMMENTS = YES;
				CLANG_WARN_EMPTY_BODY = YES;
				CLANG_WARN_ENUM_CONVERSION = YES;
				CLANG_WARN_INFINITE_RECURSION = YES;
				CLANG_WARN_INT_CONVERSION = YES;
				CLANG_WARN_OBJC_ROOT_CLASS = YES_ERROR;
				CLANG_WARN_SUSPICIOUS_MOVE = YES;
				CLANG_WARN_UNREACHABLE_CODE = YES;
				CLANG_WARN__DUPLICATE_METHOD_MATCH = YES;
				"CODE_SIGN_IDENTITY[sdk=iphoneos*]" = "iPhone Developer";
				COPY_PHASE_STRIP = NO;
				DEBUG_INFORMATION_FORMAT = dwarf;
				ENABLE_STRICT_OBJC_MSGSEND = YES;
				ENABLE_TESTABILITY = YES;
				GCC_C_LANGUAGE_STANDARD = gnu99;
				GCC_DYNAMIC_NO_PIC = NO;
				GCC_NO_COMMON_BLOCKS = YES;
				GCC_OPTIMIZATION_LEVEL = 0;
				GCC_PREPROCESSOR_DEFINITIONS = (
					"DEBUG=1",
					"$(inherited)",
				);
				GCC_WARN_64_TO_32_BIT_CONVERSION = YES;
				GCC_WARN_ABOUT_RETURN_TYPE = YES_ERROR;
				GCC_WARN_UNDECLARED_SELECTOR = YES;
				GCC_WARN_UNINITIALIZED_AUTOS = YES_AGGRESSIVE;
				GCC_WARN_UNUSED_FUNCTION = YES;
				GCC_WARN_UNUSED_VARIABLE = YES;
				IPHONEOS_DEPLOYMENT_TARGET = 10.3;
				MTL_ENABLE_DEBUG_INFO = YES;
				ONLY_ACTIVE_ARCH = YES;
				SDKROOT = iphoneos;
				SWIFT_ACTIVE_COMPILATION_CONDITIONS = DEBUG;
				SWIFT_OPTIMIZATION_LEVEL = "-Onone";
				TARGETED_DEVICE_FAMILY = "1,2";
			};
			name = Debug;
		};
		6FBE9E3A1F375DF70089905A /* Release */ = {
			isa = XCBuildConfiguration;
			buildSettings = {
				ALWAYS_SEARCH_USER_PATHS = NO;
				CLANG_ANALYZER_NONNULL = YES;
				CLANG_ANALYZER_NUMBER_OBJECT_CONVERSION = YES_AGGRESSIVE;
				CLANG_CXX_LANGUAGE_STANDARD = "gnu++0x";
				CLANG_CXX_LIBRARY = "libc++";
				CLANG_ENABLE_MODULES = YES;
				CLANG_ENABLE_OBJC_ARC = YES;
				CLANG_WARN_BOOL_CONVERSION = YES;
				CLANG_WARN_CONSTANT_CONVERSION = YES;
				CLANG_WARN_DIRECT_OBJC_ISA_USAGE = YES_ERROR;
				CLANG_WARN_DOCUMENTATION_COMMENTS = YES;
				CLANG_WARN_EMPTY_BODY = YES;
				CLANG_WARN_ENUM_CONVERSION = YES;
				CLANG_WARN_INFINITE_RECURSION = YES;
				CLANG_WARN_INT_CONVERSION = YES;
				CLANG_WARN_OBJC_ROOT_CLASS = YES_ERROR;
				CLANG_WARN_SUSPICIOUS_MOVE = YES;
				CLANG_WARN_UNREACHABLE_CODE = YES;
				CLANG_WARN__DUPLICATE_METHOD_MATCH = YES;
				"CODE_SIGN_IDENTITY[sdk=iphoneos*]" = "iPhone Developer";
				COPY_PHASE_STRIP = NO;
				DEBUG_INFORMATION_FORMAT = "dwarf-with-dsym";
				ENABLE_NS_ASSERTIONS = NO;
				ENABLE_STRICT_OBJC_MSGSEND = YES;
				GCC_C_LANGUAGE_STANDARD = gnu99;
				GCC_NO_COMMON_BLOCKS = YES;
				GCC_WARN_64_TO_32_BIT_CONVERSION = YES;
				GCC_WARN_ABOUT_RETURN_TYPE = YES_ERROR;
				GCC_WARN_UNDECLARED_SELECTOR = YES;
				GCC_WARN_UNINITIALIZED_AUTOS = YES_AGGRESSIVE;
				GCC_WARN_UNUSED_FUNCTION = YES;
				GCC_WARN_UNUSED_VARIABLE = YES;
				IPHONEOS_DEPLOYMENT_TARGET = 10.3;
				MTL_ENABLE_DEBUG_INFO = NO;
				SDKROOT = iphoneos;
				SWIFT_OPTIMIZATION_LEVEL = "-Owholemodule";
				TARGETED_DEVICE_FAMILY = "1,2";
				VALIDATE_PRODUCT = YES;
			};
			name = Release;
		};
		6FBE9E3C1F375DF70089905A /* Debug */ = {
			isa = XCBuildConfiguration;
			buildSettings = {
				ASSETCATALOG_COMPILER_APPICON_NAME = AppIcon;
				DEVELOPMENT_TEAM = L985R5FUUC;
				INFOPLIST_FILE = QuartzCodeAnimationDemo/Info.plist;
				LD_RUNPATH_SEARCH_PATHS = "$(inherited) @executable_path/Frameworks";
				PRODUCT_BUNDLE_IDENTIFIER = com.young.QuartzCodeAnimationDemo;
				PRODUCT_NAME = "$(TARGET_NAME)";
				SWIFT_VERSION = 3.0;
			};
			name = Debug;
		};
		6FBE9E3D1F375DF70089905A /* Release */ = {
			isa = XCBuildConfiguration;
			buildSettings = {
				ASSETCATALOG_COMPILER_APPICON_NAME = AppIcon;
				DEVELOPMENT_TEAM = L985R5FUUC;
				INFOPLIST_FILE = QuartzCodeAnimationDemo/Info.plist;
				LD_RUNPATH_SEARCH_PATHS = "$(inherited) @executable_path/Frameworks";
				PRODUCT_BUNDLE_IDENTIFIER = com.young.QuartzCodeAnimationDemo;
				PRODUCT_NAME = "$(TARGET_NAME)";
				SWIFT_VERSION = 3.0;
			};
			name = Release;
		};
/* End XCBuildConfiguration section */

/* Begin XCConfigurationList section */
		6FBE9E241F375DF70089905A /* Build configuration list for PBXProject "QuartzCodeAnimationDemo" */ = {
			isa = XCConfigurationList;
			buildConfigurations = (
				6FBE9E391F375DF70089905A /* Debug */,
				6FBE9E3A1F375DF70089905A /* Release */,
			);
			defaultConfigurationIsVisible = 0;
			defaultConfigurationName = Release;
		};
		6FBE9E3B1F375DF70089905A /* Build configuration list for PBXNativeTarget "QuartzCodeAnimationDemo" */ = {
			isa = XCConfigurationList;
			buildConfigurations = (
				6FBE9E3C1F375DF70089905A /* Debug */,
				6FBE9E3D1F375DF70089905A /* Release */,
			);
			defaultConfigurationIsVisible = 0;
		};
/* End XCConfigurationList section */
	};
	rootObject = 6FBE9E211F375DF70089905A /* Project object */;
}
